// !$*UTF8*$!
{
	archiveVersion = 1;
	classes = {
	};
	objectVersion = 50;
	objects = {

/* Begin PBXBuildFile section */
		4CA2E8AC22144D1C004385FB /* AppDelegate.swift in Sources */ = {isa = PBXBuildFile; fileRef = 4CA2E8AB22144D1C004385FB /* AppDelegate.swift */; };
		4CA2E8AE22144D1C004385FB /* ViewController.swift in Sources */ = {isa = PBXBuildFile; fileRef = 4CA2E8AD22144D1C004385FB /* ViewController.swift */; };
		4CA2E8B122144D1C004385FB /* Main.storyboard in Resources */ = {isa = PBXBuildFile; fileRef = 4CA2E8AF22144D1C004385FB /* Main.storyboard */; };
		4CA2E8B322144D1F004385FB /* Assets.xcassets in Resources */ = {isa = PBXBuildFile; fileRef = 4CA2E8B222144D1F004385FB /* Assets.xcassets */; };
		4CA2E8B622144D1F004385FB /* LaunchScreen.storyboard in Resources */ = {isa = PBXBuildFile; fileRef = 4CA2E8B422144D1F004385FB /* LaunchScreen.storyboard */; };
		4CA2E8C122144D1F004385FB /* Fun_Facts_AppTests.swift in Sources */ = {isa = PBXBuildFile; fileRef = 4CA2E8C022144D1F004385FB /* Fun_Facts_AppTests.swift */; };
		4CA2E8CC22144D1F004385FB /* Fun_Facts_AppUITests.swift in Sources */ = {isa = PBXBuildFile; fileRef = 4CA2E8CB22144D1F004385FB /* Fun_Facts_AppUITests.swift */; };
		4CABCDB2221B36C300A4C3EC /* FactProvider.swift in Sources */ = {isa = PBXBuildFile; fileRef = 4CABCDB1221B36C300A4C3EC /* FactProvider.swift */; };
		4CFD63F3221C2225008AC33A /* backgroundColorProvider.swift in Sources */ = {isa = PBXBuildFile; fileRef = 4CFD63F2221C2225008AC33A /* backgroundColorProvider.swift */; };
/* End PBXBuildFile section */

/* Begin PBXContainerItemProxy section */
		4CA2E8BD22144D1F004385FB /* PBXContainerItemProxy */ = {
			isa = PBXContainerItemProxy;
			containerPortal = 4CA2E8A022144D1B004385FB /* Project object */;
			proxyType = 1;
			remoteGlobalIDString = 4CA2E8A722144D1B004385FB;
			remoteInfo = "Fun Facts App";
		};
		4CA2E8C822144D1F004385FB /* PBXContainerItemProxy */ = {
			isa = PBXContainerItemProxy;
			containerPortal = 4CA2E8A022144D1B004385FB /* Project object */;
			proxyType = 1;
			remoteGlobalIDString = 4CA2E8A722144D1B004385FB;
			remoteInfo = "Fun Facts App";
		};
/* End PBXContainerItemProxy section */

/* Begin PBXFileReference section */
		4CA2E8A822144D1C004385FB /* Fun Facts App.app */ = {isa = PBXFileReference; explicitFileType = wrapper.application; includeInIndex = 0; path = "Fun Facts App.app"; sourceTree = BUILT_PRODUCTS_DIR; };
		4CA2E8AB22144D1C004385FB /* AppDelegate.swift */ = {isa = PBXFileReference; lastKnownFileType = sourcecode.swift; path = AppDelegate.swift; sourceTree = "<group>"; };
		4CA2E8AD22144D1C004385FB /* ViewController.swift */ = {isa = PBXFileReference; lastKnownFileType = sourcecode.swift; path = ViewController.swift; sourceTree = "<group>"; };
		4CA2E8B022144D1C004385FB /* Base */ = {isa = PBXFileReference; lastKnownFileType = file.storyboard; name = Base; path = Base.lproj/Main.storyboard; sourceTree = "<group>"; };
		4CA2E8B222144D1F004385FB /* Assets.xcassets */ = {isa = PBXFileReference; lastKnownFileType = folder.assetcatalog; path = Assets.xcassets; sourceTree = "<group>"; };
		4CA2E8B522144D1F004385FB /* Base */ = {isa = PBXFileReference; lastKnownFileType = file.storyboard; name = Base; path = Base.lproj/LaunchScreen.storyboard; sourceTree = "<group>"; };
		4CA2E8B722144D1F004385FB /* Info.plist */ = {isa = PBXFileReference; lastKnownFileType = text.plist.xml; path = Info.plist; sourceTree = "<group>"; };
		4CA2E8BC22144D1F004385FB /* Fun Facts AppTests.xctest */ = {isa = PBXFileReference; explicitFileType = wrapper.cfbundle; includeInIndex = 0; path = "Fun Facts AppTests.xctest"; sourceTree = BUILT_PRODUCTS_DIR; };
		4CA2E8C022144D1F004385FB /* Fun_Facts_AppTests.swift */ = {isa = PBXFileReference; lastKnownFileType = sourcecode.swift; path = Fun_Facts_AppTests.swift; sourceTree = "<group>"; };
		4CA2E8C222144D1F004385FB /* Info.plist */ = {isa = PBXFileReference; lastKnownFileType = text.plist.xml; path = Info.plist; sourceTree = "<group>"; };
		4CA2E8C722144D1F004385FB /* Fun Facts AppUITests.xctest */ = {isa = PBXFileReference; explicitFileType = wrapper.cfbundle; includeInIndex = 0; path = "Fun Facts AppUITests.xctest"; sourceTree = BUILT_PRODUCTS_DIR; };
		4CA2E8CB22144D1F004385FB /* Fun_Facts_AppUITests.swift */ = {isa = PBXFileReference; lastKnownFileType = sourcecode.swift; path = Fun_Facts_AppUITests.swift; sourceTree = "<group>"; };
		4CA2E8CD22144D1F004385FB /* Info.plist */ = {isa = PBXFileReference; lastKnownFileType = text.plist.xml; path = Info.plist; sourceTree = "<group>"; };
		4CABCDB1221B36C300A4C3EC /* FactProvider.swift */ = {isa = PBXFileReference; lastKnownFileType = sourcecode.swift; path = FactProvider.swift; sourceTree = "<group>"; };
		4CFD63F2221C2225008AC33A /* backgroundColorProvider.swift */ = {isa = PBXFileReference; lastKnownFileType = sourcecode.swift; path = backgroundColorProvider.swift; sourceTree = "<group>"; };
/* End PBXFileReference section */

/* Begin PBXFrameworksBuildPhase section */
		4CA2E8A522144D1B004385FB /* Frameworks */ = {
			isa = PBXFrameworksBuildPhase;
			buildActionMask = 2147483647;
			files = (
			);
			runOnlyForDeploymentPostprocessing = 0;
		};
		4CA2E8B922144D1F004385FB /* Frameworks */ = {
			isa = PBXFrameworksBuildPhase;
			buildActionMask = 2147483647;
			files = (
			);
			runOnlyForDeploymentPostprocessing = 0;
		};
		4CA2E8C422144D1F004385FB /* Frameworks */ = {
			isa = PBXFrameworksBuildPhase;
			buildActionMask = 2147483647;
			files = (
			);
			runOnlyForDeploymentPostprocessing = 0;
		};
/* End PBXFrameworksBuildPhase section */

/* Begin PBXGroup section */
		4CA2E89F22144D1B004385FB = {
			isa = PBXGroup;
			children = (
				4CA2E8AA22144D1C004385FB /* Fun Facts App */,
				4CA2E8BF22144D1F004385FB /* Fun Facts AppTests */,
				4CA2E8CA22144D1F004385FB /* Fun Facts AppUITests */,
				4CA2E8A922144D1C004385FB /* Products */,
			);
			sourceTree = "<group>";
		};
		4CA2E8A922144D1C004385FB /* Products */ = {
			isa = PBXGroup;
			children = (
				4CA2E8A822144D1C004385FB /* Fun Facts App.app */,
				4CA2E8BC22144D1F004385FB /* Fun Facts AppTests.xctest */,
				4CA2E8C722144D1F004385FB /* Fun Facts AppUITests.xctest */,
			);
			name = Products;
			sourceTree = "<group>";
		};
		4CA2E8AA22144D1C004385FB /* Fun Facts App */ = {
			isa = PBXGroup;
			children = (
				4CA2E8AB22144D1C004385FB /* AppDelegate.swift */,
				4CA2E8AD22144D1C004385FB /* ViewController.swift */,
				4CABCDB1221B36C300A4C3EC /* FactProvider.swift */,
				4CFD63F2221C2225008AC33A /* backgroundColorProvider.swift */,
				4CA2E8AF22144D1C004385FB /* Main.storyboard */,
				4CA2E8B222144D1F004385FB /* Assets.xcassets */,
				4CA2E8B422144D1F004385FB /* LaunchScreen.storyboard */,
				4CA2E8B722144D1F004385FB /* Info.plist */,
			);
			path = "Fun Facts App";
			sourceTree = "<group>";
		};
		4CA2E8BF22144D1F004385FB /* Fun Facts AppTests */ = {
			isa = PBXGroup;
			children = (
				4CA2E8C022144D1F004385FB /* Fun_Facts_AppTests.swift */,
				4CA2E8C222144D1F004385FB /* Info.plist */,
			);
			path = "Fun Facts AppTests";
			sourceTree = "<group>";
		};
		4CA2E8CA22144D1F004385FB /* Fun Facts AppUITests */ = {
			isa = PBXGroup;
			children = (
				4CA2E8CB22144D1F004385FB /* Fun_Facts_AppUITests.swift */,
				4CA2E8CD22144D1F004385FB /* Info.plist */,
			);
			path = "Fun Facts AppUITests";
			sourceTree = "<group>";
		};
/* End PBXGroup section */

/* Begin PBXNativeTarget section */
		4CA2E8A722144D1B004385FB /* Fun Facts App */ = {
			isa = PBXNativeTarget;
			buildConfigurationList = 4CA2E8D022144D1F004385FB /* Build configuration list for PBXNativeTarget "Fun Facts App" */;
			buildPhases = (
				4CA2E8A422144D1B004385FB /* Sources */,
				4CA2E8A522144D1B004385FB /* Frameworks */,
				4CA2E8A622144D1B004385FB /* Resources */,
			);
			buildRules = (
			);
			dependencies = (
			);
			name = "Fun Facts App";
			productName = "Fun Facts App";
			productReference = 4CA2E8A822144D1C004385FB /* Fun Facts App.app */;
			productType = "com.apple.product-type.application";
		};
		4CA2E8BB22144D1F004385FB /* Fun Facts AppTests */ = {
			isa = PBXNativeTarget;
			buildConfigurationList = 4CA2E8D322144D1F004385FB /* Build configuration list for PBXNativeTarget "Fun Facts AppTests" */;
			buildPhases = (
				4CA2E8B822144D1F004385FB /* Sources */,
				4CA2E8B922144D1F004385FB /* Frameworks */,
				4CA2E8BA22144D1F004385FB /* Resources */,
			);
			buildRules = (
			);
			dependencies = (
				4CA2E8BE22144D1F004385FB /* PBXTargetDependency */,
			);
			name = "Fun Facts AppTests";
			productName = "Fun Facts AppTests";
			productReference = 4CA2E8BC22144D1F004385FB /* Fun Facts AppTests.xctest */;
			productType = "com.apple.product-type.bundle.unit-test";
		};
		4CA2E8C622144D1F004385FB /* Fun Facts AppUITests */ = {
			isa = PBXNativeTarget;
			buildConfigurationList = 4CA2E8D622144D1F004385FB /* Build configuration list for PBXNativeTarget "Fun Facts AppUITests" */;
			buildPhases = (
				4CA2E8C322144D1F004385FB /* Sources */,
				4CA2E8C422144D1F004385FB /* Frameworks */,
				4CA2E8C522144D1F004385FB /* Resources */,
			);
			buildRules = (
			);
			dependencies = (
				4CA2E8C922144D1F004385FB /* PBXTargetDependency */,
			);
			name = "Fun Facts AppUITests";
			productName = "Fun Facts AppUITests";
			productReference = 4CA2E8C722144D1F004385FB /* Fun Facts AppUITests.xctest */;
			productType = "com.apple.product-type.bundle.ui-testing";
		};
/* End PBXNativeTarget section */

/* Begin PBXProject section */
		4CA2E8A022144D1B004385FB /* Project object */ = {
			isa = PBXProject;
			attributes = {
				LastSwiftUpdateCheck = 1010;
				LastUpgradeCheck = 1010;
				ORGANIZATIONNAME = "Alice Muir";
				TargetAttributes = {
					4CA2E8A722144D1B004385FB = {
						CreatedOnToolsVersion = 10.1;
					};
					4CA2E8BB22144D1F004385FB = {
						CreatedOnToolsVersion = 10.1;
						TestTargetID = 4CA2E8A722144D1B004385FB;
					};
					4CA2E8C622144D1F004385FB = {
						CreatedOnToolsVersion = 10.1;
						TestTargetID = 4CA2E8A722144D1B004385FB;
					};
				};
			};
			buildConfigurationList = 4CA2E8A322144D1B004385FB /* Build configuration list for PBXProject "Fun Facts App" */;
			compatibilityVersion = "Xcode 9.3";
			developmentRegion = en;
			hasScannedForEncodings = 0;
			knownRegions = (
				en,
				Base,
			);
			mainGroup = 4CA2E89F22144D1B004385FB;
			productRefGroup = 4CA2E8A922144D1C004385FB /* Products */;
			projectDirPath = "";
			projectRoot = "";
			targets = (
				4CA2E8A722144D1B004385FB /* Fun Facts App */,
				4CA2E8BB22144D1F004385FB /* Fun Facts AppTests */,
				4CA2E8C622144D1F004385FB /* Fun Facts AppUITests */,
			);
		};
/* End PBXProject section */

/* Begin PBXResourcesBuildPhase section */
		4CA2E8A622144D1B004385FB /* Resources */ = {
			isa = PBXResourcesBuildPhase;
			buildActionMask = 2147483647;
			files = (
				4CA2E8B622144D1F004385FB /* LaunchScreen.storyboard in Resources */,
				4CA2E8B322144D1F004385FB /* Assets.xcassets in Resources */,
				4CA2E8B122144D1C004385FB /* Main.storyboard in Resources */,
			);
			runOnlyForDeploymentPostprocessing = 0;
		};
		4CA2E8BA22144D1F004385FB /* Resources */ = {
			isa = PBXResourcesBuildPhase;
			buildActionMask = 2147483647;
			files = (
			);
			runOnlyForDeploymentPostprocessing = 0;
		};
		4CA2E8C522144D1F004385FB /* Resources */ = {
			isa = PBXResourcesBuildPhase;
			buildActionMask = 2147483647;
			files = (
			);
			runOnlyForDeploymentPostprocessing = 0;
		};
/* End PBXResourcesBuildPhase section */

/* Begin PBXSourcesBuildPhase section */
		4CA2E8A422144D1B004385FB /* Sources */ = {
			isa = PBXSourcesBuildPhase;
			buildActionMask = 2147483647;
			files = (
				4CA2E8AE22144D1C004385FB /* ViewController.swift in Sources */,
				4CA2E8AC22144D1C004385FB /* AppDelegate.swift in Sources */,
				4CFD63F3221C2225008AC33A /* backgroundColorProvider.swift in Sources */,
				4CABCDB2221B36C300A4C3EC /* FactProvider.swift in Sources */,
			);
			runOnlyForDeploymentPostprocessing = 0;
		};
		4CA2E8B822144D1F004385FB /* Sources */ = {
			isa = PBXSourcesBuildPhase;
			buildActionMask = 2147483647;
			files = (
				4CA2E8C122144D1F004385FB /* Fun_Facts_AppTests.swift in Sources */,
			);
			runOnlyForDeploymentPostprocessing = 0;
		};
		4CA2E8C322144D1F004385FB /* Sources */ = {
			isa = PBXSourcesBuildPhase;
			buildActionMask = 2147483647;
			files = (
				4CA2E8CC22144D1F004385FB /* Fun_Facts_AppUITests.swift in Sources */,
			);
			runOnlyForDeploymentPostprocessing = 0;
		};
/* End PBXSourcesBuildPhase section */

/* Begin PBXTargetDependency section */
		4CA2E8BE22144D1F004385FB /* PBXTargetDependency */ = {
			isa = PBXTargetDependency;
			target = 4CA2E8A722144D1B004385FB /* Fun Facts App */;
			targetProxy = 4CA2E8BD22144D1F004385FB /* PBXContainerItemProxy */;
		};
		4CA2E8C922144D1F004385FB /* PBXTargetDependency */ = {
			isa = PBXTargetDependency;
			target = 4CA2E8A722144D1B004385FB /* Fun Facts App */;
			targetProxy = 4CA2E8C822144D1F004385FB /* PBXContainerItemProxy */;
		};
/* End PBXTargetDependency section */

/* Begin PBXVariantGroup section */
		4CA2E8AF22144D1C004385FB /* Main.storyboard */ = {
			isa = PBXVariantGroup;
			children = (
				4CA2E8B022144D1C004385FB /* Base */,
			);
			name = Main.storyboard;
			sourceTree = "<group>";
		};
		4CA2E8B422144D1F004385FB /* LaunchScreen.storyboard */ = {
			isa = PBXVariantGroup;
			children = (
				4CA2E8B522144D1F004385FB /* Base */,
			);
			name = LaunchScreen.storyboard;
			sourceTree = "<group>";
		};
/* End PBXVariantGroup section */

/* Begin XCBuildConfiguration section */
		4CA2E8CE22144D1F004385FB /* Debug */ = {
			isa = XCBuildConfiguration;
			buildSettings = {
				ALWAYS_SEARCH_USER_PATHS = NO;
				CLANG_ANALYZER_NONNULL = YES;
				CLANG_ANALYZER_NUMBER_OBJECT_CONVERSION = YES_AGGRESSIVE;
				CLANG_CXX_LANGUAGE_STANDARD = "gnu++14";
				CLANG_CXX_LIBRARY = "libc++";
				CLANG_ENABLE_MODULES = YES;
				CLANG_ENABLE_OBJC_ARC = YES;
				CLANG_ENABLE_OBJC_WEAK = YES;
				CLANG_WARN_BLOCK_CAPTURE_AUTORELEASING = YES;
				CLANG_WARN_BOOL_CONVERSION = YES;
				CLANG_WARN_COMMA = YES;
				CLANG_WARN_CONSTANT_CONVERSION = YES;
				CLANG_WARN_DEPRECATED_OBJC_IMPLEMENTATIONS = YES;
				CLANG_WARN_DIRECT_OBJC_ISA_USAGE = YES_ERROR;
				CLANG_WARN_DOCUMENTATION_COMMENTS = YES;
				CLANG_WARN_EMPTY_BODY = YES;
				CLANG_WARN_ENUM_CONVERSION = YES;
				CLANG_WARN_INFINITE_RECURSION = YES;
				CLANG_WARN_INT_CONVERSION = YES;
				CLANG_WARN_NON_LITERAL_NULL_CONVERSION = YES;
				CLANG_WARN_OBJC_IMPLICIT_RETAIN_SELF = YES;
				CLANG_WARN_OBJC_LITERAL_CONVERSION = YES;
				CLANG_WARN_OBJC_ROOT_CLASS = YES_ERROR;
				CLANG_WARN_RANGE_LOOP_ANALYSIS = YES;
				CLANG_WARN_STRICT_PROTOTYPES = YES;
				CLANG_WARN_SUSPICIOUS_MOVE = YES;
				CLANG_WARN_UNGUARDED_AVAILABILITY = YES_AGGRESSIVE;
				CLANG_WARN_UNREACHABLE_CODE = YES;
				CLANG_WARN__DUPLICATE_METHOD_MATCH = YES;
				CODE_SIGN_IDENTITY = "iPhone Developer";
				COPY_PHASE_STRIP = NO;
				DEBUG_INFORMATION_FORMAT = dwarf;
				ENABLE_STRICT_OBJC_MSGSEND = YES;
				ENABLE_TESTABILITY = YES;
				GCC_C_LANGUAGE_STANDARD = gnu11;
				GCC_DYNAMIC_NO_PIC = NO;
				GCC_NO_COMMON_BLOCKS = YES;
				GCC_OPTIMIZATION_LEVEL = 0;
				GCC_PREPROCESSOR_DEFINITIONS = (
					"DEBUG=1",
					"$(inherited)",
				);
				GCC_WARN_64_TO_32_BIT_CONVERSION = YES;
				GCC_WARN_ABOUT_RETURN_TYPE = YES_ERROR;
				GCC_WARN_UNDECLARED_SELECTOR = YES;
				GCC_WARN_UNINITIALIZED_AUTOS = YES_AGGRESSIVE;
				GCC_WARN_UNUSED_FUNCTION = YES;
				GCC_WARN_UNUSED_VARIABLE = YES;
				IPHONEOS_DEPLOYMENT_TARGET = 12.1;
				MTL_ENABLE_DEBUG_INFO = INCLUDE_SOURCE;
				MTL_FAST_MATH = YES;
				ONLY_ACTIVE_ARCH = YES;
				SDKROOT = iphoneos;
				SWIFT_ACTIVE_COMPILATION_CONDITIONS = DEBUG;
				SWIFT_OPTIMIZATION_LEVEL = "-Onone";
			};
			name = Debug;
		};
		4CA2E8CF22144D1F004385FB /* Release */ = {
			isa = XCBuildConfiguration;
			buildSettings = {
				ALWAYS_SEARCH_USER_PATHS = NO;
				CLANG_ANALYZER_NONNULL = YES;
				CLANG_ANALYZER_NUMBER_OBJECT_CONVERSION = YES_AGGRESSIVE;
				CLANG_CXX_LANGUAGE_STANDARD = "gnu++14";
				CLANG_CXX_LIBRARY = "libc++";
				CLANG_ENABLE_MODULES = YES;
				CLANG_ENABLE_OBJC_ARC = YES;
				CLANG_ENABLE_OBJC_WEAK = YES;
				CLANG_WARN_BLOCK_CAPTURE_AUTORELEASING = YES;
				CLANG_WARN_BOOL_CONVERSION = YES;
				CLANG_WARN_COMMA = YES;
				CLANG_WARN_CONSTANT_CONVERSION = YES;
				CLANG_WARN_DEPRECATED_OBJC_IMPLEMENTATIONS = YES;
				CLANG_WARN_DIRECT_OBJC_ISA_USAGE = YES_ERROR;
				CLANG_WARN_DOCUMENTATION_COMMENTS = YES;
				CLANG_WARN_EMPTY_BODY = YES;
				CLANG_WARN_ENUM_CONVERSION = YES;
				CLANG_WARN_INFINITE_RECURSION = YES;
				CLANG_WARN_INT_CONVERSION = YES;
				CLANG_WARN_NON_LITERAL_NULL_CONVERSION = YES;
				CLANG_WARN_OBJC_IMPLICIT_RETAIN_SELF = YES;
				CLANG_WARN_OBJC_LITERAL_CONVERSION = YES;
				CLANG_WARN_OBJC_ROOT_CLASS = YES_ERROR;
				CLANG_WARN_RANGE_LOOP_ANALYSIS = YES;
				CLANG_WARN_STRICT_PROTOTYPES = YES;
				CLANG_WARN_SUSPICIOUS_MOVE = YES;
				CLANG_WARN_UNGUARDED_AVAILABILITY = YES_AGGRESSIVE;
				CLANG_WARN_UNREACHABLE_CODE = YES;
				CLANG_WARN__DUPLICATE_METHOD_MATCH = YES;
				CODE_SIGN_IDENTITY = "iPhone Developer";
				COPY_PHASE_STRIP = NO;
				DEBUG_INFORMATION_FORMAT = "dwarf-with-dsym";
				ENABLE_NS_ASSERTIONS = NO;
				ENABLE_STRICT_OBJC_MSGSEND = YES;
				GCC_C_LANGUAGE_STANDARD = gnu11;
				GCC_NO_COMMON_BLOCKS = YES;
				GCC_WARN_64_TO_32_BIT_CONVERSION = YES;
				GCC_WARN_ABOUT_RETURN_TYPE = YES_ERROR;
				GCC_WARN_UNDECLARED_SELECTOR = YES;
				GCC_WARN_UNINITIALIZED_AUTOS = YES_AGGRESSIVE;
				GCC_WARN_UNUSED_FUNCTION = YES;
				GCC_WARN_UNUSED_VARIABLE = YES;
				IPHONEOS_DEPLOYMENT_TARGET = 12.1;
				MTL_ENABLE_DEBUG_INFO = NO;
				MTL_FAST_MATH = YES;
				SDKROOT = iphoneos;
				SWIFT_COMPILATION_MODE = wholemodule;
				SWIFT_OPTIMIZATION_LEVEL = "-O";
				VALIDATE_PRODUCT = YES;
			};
			name = Release;
		};
		4CA2E8D122144D1F004385FB /* Debug */ = {
			isa = XCBuildConfiguration;
			buildSettings = {
				ASSETCATALOG_COMPILER_APPICON_NAME = AppIcon;
				CODE_SIGN_STYLE = Automatic;
				DEVELOPMENT_TEAM = AWN8BFYGCW;
				INFOPLIST_FILE = "Fun Facts App/Info.plist";
				IPHONEOS_DEPLOYMENT_TARGET = 11.0;
				LD_RUNPATH_SEARCH_PATHS = (
					"$(inherited)",
					"@executable_path/Frameworks",
				);
				PRODUCT_BUNDLE_IDENTIFIER = "com.Fun-Facts-App";
				PRODUCT_NAME = "$(TARGET_NAME)";
				SWIFT_VERSION = 4.2;
				TARGETED_DEVICE_FAMILY = "1,2";
			};
			name = Debug;
		};
		4CA2E8D222144D1F004385FB /* Release */ = {
			isa = XCBuildConfiguration;
			buildSettings = {
				ASSETCATALOG_COMPILER_APPICON_NAME = AppIcon;
				CODE_SIGN_STYLE = Automatic;
				DEVELOPMENT_TEAM = AWN8BFYGCW;
				INFOPLIST_FILE = "Fun Facts App/Info.plist";
				IPHONEOS_DEPLOYMENT_TARGET = 11.0;
				LD_RUNPATH_SEARCH_PATHS = (
					"$(inherited)",
					"@executable_path/Frameworks",
				);
				PRODUCT_BUNDLE_IDENTIFIER = "com.Fun-Facts-App";
				PRODUCT_NAME = "$(TARGET_NAME)";
				SWIFT_VERSION = 4.2;
				TARGETED_DEVICE_FAMILY = "1,2";
			};
			name = Release;
		};
		4CA2E8D422144D1F004385FB /* Debug */ = {
			isa = XCBuildConfiguration;
			buildSettings = {
				ALWAYS_EMBED_SWIFT_STANDARD_LIBRARIES = YES;
				BUNDLE_LOADER = "$(TEST_HOST)";
				CODE_SIGN_STYLE = Automatic;
				DEVELOPMENT_TEAM = AWN8BFYGCW;
				INFOPLIST_FILE = "Fun Facts AppTests/Info.plist";
				LD_RUNPATH_SEARCH_PATHS = (
					"$(inherited)",
					"@executable_path/Frameworks",
					"@loader_path/Frameworks",
				);
				PRODUCT_BUNDLE_IDENTIFIER = "com.Fun-Facts-AppTests";
				PRODUCT_NAME = "$(TARGET_NAME)";
				SWIFT_VERSION = 4.2;
				TARGETED_DEVICE_FAMILY = "1,2";
				TEST_HOST = "$(BUILT_PRODUCTS_DIR)/Fun Facts App.app/Fun Facts App";
			};
			name = Debug;
		};
		4CA2E8D522144D1F004385FB /* Release */ = {
			isa = XCBuildConfiguration;
			buildSettings = {
				ALWAYS_EMBED_SWIFT_STANDARD_LIBRARIES = YES;
				BUNDLE_LOADER = "$(TEST_HOST)";
				CODE_SIGN_STYLE = Automatic;
				DEVELOPMENT_TEAM = AWN8BFYGCW;
				INFOPLIST_FILE = "Fun Facts AppTests/Info.plist";
				LD_RUNPATH_SEARCH_PATHS = (
					"$(inherited)",
					"@executable_path/Frameworks",
					"@loader_path/Frameworks",
				);
				PRODUCT_BUNDLE_IDENTIFIER = "com.Fun-Facts-AppTests";
				PRODUCT_NAME = "$(TARGET_NAME)";
				SWIFT_VERSION = 4.2;
				TARGETED_DEVICE_FAMILY = "1,2";
				TEST_HOST = "$(BUILT_PRODUCTS_DIR)/Fun Facts App.app/Fun Facts App";
			};
			name = Release;
		};
		4CA2E8D722144D1F004385FB /* Debug */ = {
			isa = XCBuildConfiguration;
			buildSettings = {
				ALWAYS_EMBED_SWIFT_STANDARD_LIBRARIES = YES;
				CODE_SIGN_STYLE = Automatic;
				DEVELOPMENT_TEAM = AWN8BFYGCW;
				INFOPLIST_FILE = "Fun Facts AppUITests/Info.plist";
				LD_RUNPATH_SEARCH_PATHS = (
					"$(inherited)",
					"@executable_path/Frameworks",
					"@loader_path/Frameworks",
				);
				PRODUCT_BUNDLE_IDENTIFIER = "com.Fun-Facts-AppUITests";
				PRODUCT_NAME = "$(TARGET_NAME)";
				SWIFT_VERSION = 4.2;
				TARGETED_DEVICE_FAMILY = "1,2";
				TEST_TARGET_NAME = "Fun Facts App";
			};
			name = Debug;
		};
		4CA2E8D822144D1F004385FB /* Release */ = {
			isa = XCBuildConfiguration;
			buildSettings = {
				ALWAYS_EMBED_SWIFT_STANDARD_LIBRARIES = YES;
				CODE_SIGN_STYLE = Automatic;
				DEVELOPMENT_TEAM = AWN8BFYGCW;
				INFOPLIST_FILE = "Fun Facts AppUITests/Info.plist";
				LD_RUNPATH_SEARCH_PATHS = (
					"$(inherited)",
					"@executable_path/Frameworks",
					"@loader_path/Frameworks",
				);
				PRODUCT_BUNDLE_IDENTIFIER = "com.Fun-Facts-AppUITests";
				PRODUCT_NAME = "$(TARGET_NAME)";
				SWIFT_VERSION = 4.2;
				TARGETED_DEVICE_FAMILY = "1,2";
				TEST_TARGET_NAME = "Fun Facts App";
			};
			name = Release;
		};
/* End XCBuildConfiguration section */

/* Begin XCConfigurationList section */
		4CA2E8A322144D1B004385FB /* Build configuration list for PBXProject "Fun Facts App" */ = {
			isa = XCConfigurationList;
			buildConfigurations = (
				4CA2E8CE22144D1F004385FB /* Debug */,
				4CA2E8CF22144D1F004385FB /* Release */,
			);
			defaultConfigurationIsVisible = 0;
			defaultConfigurationName = Release;
		};
		4CA2E8D022144D1F004385FB /* Build configuration list for PBXNativeTarget "Fun Facts App" */ = {
			isa = XCConfigurationList;
			buildConfigurations = (
				4CA2E8D122144D1F004385FB /* Debug */,
				4CA2E8D222144D1F004385FB /* Release */,
			);
			defaultConfigurationIsVisible = 0;
			defaultConfigurationName = Release;
		};
		4CA2E8D322144D1F004385FB /* Build configuration list for PBXNativeTarget "Fun Facts AppTests" */ = {
			isa = XCConfigurationList;
			buildConfigurations = (
				4CA2E8D422144D1F004385FB /* Debug */,
				4CA2E8D522144D1F004385FB /* Release */,
			);
			defaultConfigurationIsVisible = 0;
			defaultConfigurationName = Release;
		};
		4CA2E8D622144D1F004385FB /* Build configuration list for PBXNativeTarget "Fun Facts AppUITests" */ = {
			isa = XCConfigurationList;
			buildConfigurations = (
				4CA2E8D722144D1F004385FB /* Debug */,
				4CA2E8D822144D1F004385FB /* Release */,
			);
			defaultConfigurationIsVisible = 0;
			defaultConfigurationName = Release;
		};
/* End XCConfigurationList section */
	};
	rootObject = 4CA2E8A022144D1B004385FB /* Project object */;
}
